
Microsoft Visual Studio Solution File, Format Version 12.00
# Visual Studio Version 17
VisualStudioVersion = 17.5.002.0
MinimumVisualStudioVersion = 10.0.40219.1
Project("{9A19103F-16F7-4668-BE54-9A1E7A4F7556}") = "CRUD - Backup", "CRUD - Backup.csproj", "{D5022D13-CB9F-4C9F-A627-92ECA8831D27}"
EndProject
Project("{9A19103F-16F7-4668-BE54-9A1E7A4F7556}") = "CRUD", "CRUD.csproj", "{D68A920C-BDC9-4F83-99B5-C4BF960264F8}"
EndProject
Global
	GlobalSection(SolutionConfigurationPlatforms) = preSolution
		Debug|Any CPU = Debug|Any CPU
		Release|Any CPU = Release|Any CPU
	EndGlobalSection
	GlobalSection(ProjectConfigurationPlatforms) = postSolution
		{D5022D13-CB9F-4C9F-A627-92ECA8831D27}.Debug|Any CPU.ActiveCfg = Debug|Any CPU
		{D5022D13-CB9F-4C9F-A627-92ECA8831D27}.Debug|Any CPU.Build.0 = Debug|Any CPU
		{D5022D13-CB9F-4C9F-A627-92ECA8831D27}.Release|Any CPU.ActiveCfg = Release|Any CPU
		{D5022D13-CB9F-4C9F-A627-92ECA8831D27}.Release|Any CPU.Build.0 = Release|Any CPU
		{D68A920C-BDC9-4F83-99B5-C4BF960264F8}.Debug|Any CPU.ActiveCfg = Debug|Any CPU
		{D68A920C-BDC9-4F83-99B5-C4BF960264F8}.Debug|Any CPU.Build.0 = Debug|Any CPU
		{D68A920C-BDC9-4F83-99B5-C4BF960264F8}.Release|Any CPU.ActiveCfg = Release|Any CPU
		{D68A920C-BDC9-4F83-99B5-C4BF960264F8}.Release|Any CPU.Build.0 = Release|Any CPU
	EndGlobalSection
	GlobalSection(SolutionProperties) = preSolution
		HideSolutionNode = FALSE
	EndGlobalSection
	GlobalSection(ExtensibilityGlobals) = postSolution
		SolutionGuid = {22AA1AF5-94FC-4F71-8ACB-B6BC21220944}
	EndGlobalSection
EndGlobal
